// !$*UTF8*$!
{
	archiveVersion = 1;
	classes = {
	};
	objectVersion = 46;
	objects = {

/* Begin PBXBuildFile section */
		5441D90D1EF3636600076129 /* AppDelegate.swift in Sources */ = {isa = PBXBuildFile; fileRef = 5441D90C1EF3636600076129 /* AppDelegate.swift */; };
		5441D90F1EF3636600076129 /* ViewController.swift in Sources */ = {isa = PBXBuildFile; fileRef = 5441D90E1EF3636600076129 /* ViewController.swift */; };
		5441D9121EF3636600076129 /* Main.storyboard in Resources */ = {isa = PBXBuildFile; fileRef = 5441D9101EF3636600076129 /* Main.storyboard */; };
		5441D9141EF3636600076129 /* Assets.xcassets in Resources */ = {isa = PBXBuildFile; fileRef = 5441D9131EF3636600076129 /* Assets.xcassets */; };
		5441D9171EF3636600076129 /* LaunchScreen.storyboard in Resources */ = {isa = PBXBuildFile; fileRef = 5441D9151EF3636600076129 /* LaunchScreen.storyboard */; };
/* End PBXBuildFile section */

/* Begin PBXFileReference section */
		5441D9091EF3636600076129 /* CATransform3DDemo.app */ = {isa = PBXFileReference; explicitFileType = wrapper.application; includeInIndex = 0; path = CATransform3DDemo.app; sourceTree = BUILT_PRODUCTS_DIR; };
		5441D90C1EF3636600076129 /* AppDelegate.swift */ = {isa = PBXFileReference; lastKnownFileType = sourcecode.swift; path = AppDelegate.swift; sourceTree = "<group>"; };
		5441D90E1EF3636600076129 /* ViewController.swift */ = {isa = PBXFileReference; lastKnownFileType = sourcecode.swift; path = ViewController.swift; sourceTree = "<group>"; };
		5441D9111EF3636600076129 /* Base */ = {isa = PBXFileReference; lastKnownFileType = file.storyboard; name = Base; path = Base.lproj/Main.storyboard; sourceTree = "<group>"; };
		5441D9131EF3636600076129 /* Assets.xcassets */ = {isa = PBXFileReference; lastKnownFileType = folder.assetcatalog; path = Assets.xcassets; sourceTree = "<group>"; };
		5441D9161EF3636600076129 /* Base */ = {isa = PBXFileReference; lastKnownFileType = file.storyboard; name = Base; path = Base.lproj/LaunchScreen.storyboard; sourceTree = "<group>"; };
		5441D9181EF3636600076129 /* Info.plist */ = {isa = PBXFileReference; lastKnownFileType = text.plist.xml; path = Info.plist; sourceTree = "<group>"; };
/* End PBXFileReference section */

/* Begin PBXFrameworksBuildPhase section */
		5441D9061EF3636600076129 /* Frameworks */ = {
			isa = PBXFrameworksBuildPhase;
			buildActionMask = 2147483647;
			files = (
			);
			runOnlyForDeploymentPostprocessing = 0;
		};
/* End PBXFrameworksBuildPhase section */

/* Begin PBXGroup section */
		5441D9001EF3636600076129 = {
			isa = PBXGroup;
			children = (
				5441D90B1EF3636600076129 /* CATransform3DDemo */,
				5441D90A1EF3636600076129 /* Products */,
			);
			sourceTree = "<group>";
		};
		5441D90A1EF3636600076129 /* Products */ = {
			isa = PBXGroup;
			children = (
				5441D9091EF3636600076129 /* CATransform3DDemo.app */,
			);
			name = Products;
			sourceTree = "<group>";
		};
		5441D90B1EF3636600076129 /* CATransform3DDemo */ = {
			isa = PBXGroup;
			children = (
				5441D90C1EF3636600076129 /* AppDelegate.swift */,
				5441D90E1EF3636600076129 /* ViewController.swift */,
				5441D9101EF3636600076129 /* Main.storyboard */,
				5441D9131EF3636600076129 /* Assets.xcassets */,
				5441D9151EF3636600076129 /* LaunchScreen.storyboard */,
				5441D9181EF3636600076129 /* Info.plist */,
			);
			path = CATransform3DDemo;
			sourceTree = "<group>";
		};
/* End PBXGroup section */

/* Begin PBXNativeTarget section */
		5441D9081EF3636600076129 /* CATransform3DDemo */ = {
			isa = PBXNativeTarget;
			buildConfigurationList = 5441D91B1EF3636600076129 /* Build configuration list for PBXNativeTarget "CATransform3DDemo" */;
			buildPhases = (
				5441D9051EF3636600076129 /* Sources */,
				5441D9061EF3636600076129 /* Frameworks */,
				5441D9071EF3636600076129 /* Resources */,
			);
			buildRules = (
			);
			dependencies = (
			);
			name = CATransform3DDemo;
			productName = CATransform3DDemo;
			productReference = 5441D9091EF3636600076129 /* CATransform3DDemo.app */;
			productType = "com.apple.product-type.application";
		};
/* End PBXNativeTarget section */

/* Begin PBXProject section */
		5441D9011EF3636600076129 /* Project object */ = {
			isa = PBXProject;
			attributes = {
				LastSwiftUpdateCheck = 0830;
				LastUpgradeCheck = 0830;
				ORGANIZATIONNAME = hoodsound;
				TargetAttributes = {
					5441D9081EF3636600076129 = {
						CreatedOnToolsVersion = 8.3.3;
						DevelopmentTeam = L26LFEQL7B;
						ProvisioningStyle = Automatic;
					};
				};
			};
			buildConfigurationList = 5441D9041EF3636600076129 /* Build configuration list for PBXProject "CATransform3DDemo" */;
			compatibilityVersion = "Xcode 3.2";
			developmentRegion = English;
			hasScannedForEncodings = 0;
			knownRegions = (
				en,
				Base,
			);
			mainGroup = 5441D9001EF3636600076129;
			productRefGroup = 5441D90A1EF3636600076129 /* Products */;
			projectDirPath = "";
			projectRoot = "";
			targets = (
				5441D9081EF3636600076129 /* CATransform3DDemo */,
			);
		};
/* End PBXProject section */

/* Begin PBXResourcesBuildPhase section */
		5441D9071EF3636600076129 /* Resources */ = {
			isa = PBXResourcesBuildPhase;
			buildActionMask = 2147483647;
			files = (
				5441D9171EF3636600076129 /* LaunchScreen.storyboard in Resources */,
				5441D9141EF3636600076129 /* Assets.xcassets in Resources */,
				5441D9121EF3636600076129 /* Main.storyboard in Resources */,
			);
			runOnlyForDeploymentPostprocessing = 0;
		};
/* End PBXResourcesBuildPhase section */

/* Begin PBXSourcesBuildPhase section */
		5441D9051EF3636600076129 /* Sources */ = {
			isa = PBXSourcesBuildPhase;
			buildActionMask = 2147483647;
			files = (
				5441D90F1EF3636600076129 /* ViewController.swift in Sources */,
				5441D90D1EF3636600076129 /* AppDelegate.swift in Sources */,
			);
			runOnlyForDeploymentPostprocessing = 0;
		};
/* End PBXSourcesBuildPhase section */

/* Begin PBXVariantGroup section */
		5441D9101EF3636600076129 /* Main.storyboard */ = {
			isa = PBXVariantGroup;
			children = (
				5441D9111EF3636600076129 /* Base */,
			);
			name = Main.storyboard;
			sourceTree = "<group>";
		};
		5441D9151EF3636600076129 /* LaunchScreen.storyboard */ = {
			isa = PBXVariantGroup;
			children = (
				5441D9161EF3636600076129 /* Base */,
			);
			name = LaunchScreen.storyboard;
			sourceTree = "<group>";
		};
/* End PBXVariantGroup section */

/* Begin XCBuildConfiguration section */
		5441D9191EF3636600076129 /* Debug */ = {
			isa = XCBuildConfiguration;
			buildSettings = {
				ALWAYS_SEARCH_USER_PATHS = NO;
				CLANG_ANALYZER_NONNULL = YES;
				CLANG_ANALYZER_NUMBER_OBJECT_CONVERSION = YES_AGGRESSIVE;
				CLANG_CXX_LANGUAGE_STANDARD = "gnu++0x";
				CLANG_CXX_LIBRARY = "libc++";
				CLANG_ENABLE_MODULES = YES;
				CLANG_ENABLE_OBJC_ARC = YES;
				CLANG_WARN_BOOL_CONVERSION = YES;
				CLANG_WARN_CONSTANT_CONVERSION = YES;
				CLANG_WARN_DIRECT_OBJC_ISA_USAGE = YES_ERROR;
				CLANG_WARN_DOCUMENTATION_COMMENTS = YES;
				CLANG_WARN_EMPTY_BODY = YES;
				CLANG_WARN_ENUM_CONVERSION = YES;
				CLANG_WARN_INFINITE_RECURSION = YES;
				CLANG_WARN_INT_CONVERSION = YES;
				CLANG_WARN_OBJC_ROOT_CLASS = YES_ERROR;
				CLANG_WARN_SUSPICIOUS_MOVE = YES;
				CLANG_WARN_UNREACHABLE_CODE = YES;
				CLANG_WARN__DUPLICATE_METHOD_MATCH = YES;
				"CODE_SIGN_IDENTITY[sdk=iphoneos*]" = "iPhone Developer";
				COPY_PHASE_STRIP = NO;
				DEBUG_INFORMATION_FORMAT = dwarf;
				ENABLE_STRICT_OBJC_MSGSEND = YES;
				ENABLE_TESTABILITY = YES;
				GCC_C_LANGUAGE_STANDARD = gnu99;
				GCC_DYNAMIC_NO_PIC = NO;
				GCC_NO_COMMON_BLOCKS = YES;
				GCC_OPTIMIZATION_LEVEL = 0;
				GCC_PREPROCESSOR_DEFINITIONS = (
					"DEBUG=1",
					"$(inherited)",
				);
				GCC_WARN_64_TO_32_BIT_CONVERSION = YES;
				GCC_WARN_ABOUT_RETURN_TYPE = YES_ERROR;
				GCC_WARN_UNDECLARED_SELECTOR = YES;
				GCC_WARN_UNINITIALIZED_AUTOS = YES_AGGRESSIVE;
				GCC_WARN_UNUSED_FUNCTION = YES;
				GCC_WARN_UNUSED_VARIABLE = YES;
				IPHONEOS_DEPLOYMENT_TARGET = 10.3;
				MTL_ENABLE_DEBUG_INFO = YES;
				ONLY_ACTIVE_ARCH = YES;
				SDKROOT = iphoneos;
				SWIFT_ACTIVE_COMPILATION_CONDITIONS = DEBUG;
				SWIFT_OPTIMIZATION_LEVEL = "-Onone";
			};
			name = Debug;
		};
		5441D91A1EF3636600076129 /* Release */ = {
			isa = XCBuildConfiguration;
			buildSettings = {
				ALWAYS_SEARCH_USER_PATHS = NO;
				CLANG_ANALYZER_NONNULL = YES;
				CLANG_ANALYZER_NUMBER_OBJECT_CONVERSION = YES_AGGRESSIVE;
				CLANG_CXX_LANGUAGE_STANDARD = "gnu++0x";
				CLANG_CXX_LIBRARY = "libc++";
				CLANG_ENABLE_MODULES = YES;
				CLANG_ENABLE_OBJC_ARC = YES;
				CLANG_WARN_BOOL_CONVERSION = YES;
				CLANG_WARN_CONSTANT_CONVERSION = YES;
				CLANG_WARN_DIRECT_OBJC_ISA_USAGE = YES_ERROR;
				CLANG_WARN_DOCUMENTATION_COMMENTS = YES;
				CLANG_WARN_EMPTY_BODY = YES;
				CLANG_WARN_ENUM_CONVERSION = YES;
				CLANG_WARN_INFINITE_RECURSION = YES;
				CLANG_WARN_INT_CONVERSION = YES;
				CLANG_WARN_OBJC_ROOT_CLASS = YES_ERROR;
				CLANG_WARN_SUSPICIOUS_MOVE = YES;
				CLANG_WARN_UNREACHABLE_CODE = YES;
				CLANG_WARN__DUPLICATE_METHOD_MATCH = YES;
				"CODE_SIGN_IDENTITY[sdk=iphoneos*]" = "iPhone Developer";
				COPY_PHASE_STRIP = NO;
				DEBUG_INFORMATION_FORMAT = "dwarf-with-dsym";
				ENABLE_NS_ASSERTIONS = NO;
				ENABLE_STRICT_OBJC_MSGSEND = YES;
				GCC_C_LANGUAGE_STANDARD = gnu99;
				GCC_NO_COMMON_BLOCKS = YES;
				GCC_WARN_64_TO_32_BIT_CONVERSION = YES;
				GCC_WARN_ABOUT_RETURN_TYPE = YES_ERROR;
				GCC_WARN_UNDECLARED_SELECTOR = YES;
				GCC_WARN_UNINITIALIZED_AUTOS = YES_AGGRESSIVE;
				GCC_WARN_UNUSED_FUNCTION = YES;
				GCC_WARN_UNUSED_VARIABLE = YES;
				IPHONEOS_DEPLOYMENT_TARGET = 10.3;
				MTL_ENABLE_DEBUG_INFO = NO;
				SDKROOT = iphoneos;
				SWIFT_OPTIMIZATION_LEVEL = "-Owholemodule";
				VALIDATE_PRODUCT = YES;
			};
			name = Release;
		};
		5441D91C1EF3636600076129 /* Debug */ = {
			isa = XCBuildConfiguration;
			buildSettings = {
				ASSETCATALOG_COMPILER_APPICON_NAME = AppIcon;
				DEVELOPMENT_TEAM = L26LFEQL7B;
				INFOPLIST_FILE = CATransform3DDemo/Info.plist;
				LD_RUNPATH_SEARCH_PATHS = "$(inherited) @executable_path/Frameworks";
				PRODUCT_BUNDLE_IDENTIFIER = com.hoodsound.CATransform3DDemo;
				PRODUCT_NAME = "$(TARGET_NAME)";
				SWIFT_VERSION = 3.0;
			};
			name = Debug;
		};
		5441D91D1EF3636600076129 /* Release */ = {
			isa = XCBuildConfiguration;
			buildSettings = {
				ASSETCATALOG_COMPILER_APPICON_NAME = AppIcon;
				DEVELOPMENT_TEAM = L26LFEQL7B;
				INFOPLIST_FILE = CATransform3DDemo/Info.plist;
				LD_RUNPATH_SEARCH_PATHS = "$(inherited) @executable_path/Frameworks";
				PRODUCT_BUNDLE_IDENTIFIER = com.hoodsound.CATransform3DDemo;
				PRODUCT_NAME = "$(TARGET_NAME)";
				SWIFT_VERSION = 3.0;
			};
			name = Release;
		};
/* End XCBuildConfiguration section */

/* Begin XCConfigurationList section */
		5441D9041EF3636600076129 /* Build configuration list for PBXProject "CATransform3DDemo" */ = {
			isa = XCConfigurationList;
			buildConfigurations = (
				5441D9191EF3636600076129 /* Debug */,
				5441D91A1EF3636600076129 /* Release */,
			);
			defaultConfigurationIsVisible = 0;
			defaultConfigurationName = Release;
		};
		5441D91B1EF3636600076129 /* Build configuration list for PBXNativeTarget "CATransform3DDemo" */ = {
			isa = XCConfigurationList;
			buildConfigurations = (
				5441D91C1EF3636600076129 /* Debug */,
				5441D91D1EF3636600076129 /* Release */,
			);
			defaultConfigurationIsVisible = 0;
		};
/* End XCConfigurationList section */
	};
	rootObject = 5441D9011EF3636600076129 /* Project object */;
}
